<Solution>
  <Configurations>
    <BuildType Name="Debug" />
    <BuildType Name="Debug-Unpackaged" />
    <BuildType Name="Release" />
    <BuildType Name="Release-Unpackaged" />
    <Platform Name="ARM64" />
    <Platform Name="x64" />
    <Platform Name="x86" />
  </Configurations>
  <Folder Name="/lib/">
    <Project Path="lib/AutoDiAttributes/AutoDiAttributes.Generator/AutoDiAttributes.Generator.csproj">
      <BuildType Solution="Debug-Unpackaged|*" Project="Debug" />
      <BuildType Solution="Release-Unpackaged|*" Project="Release" />
    </Project>
    <Project Path="lib/AutoDiAttributes/AutoDiAttributes/AutoDiAttributes.csproj">
      <BuildType Solution="Debug-Unpackaged|*" Project="Debug" />
      <BuildType Solution="Release-Unpackaged|*" Project="Release" />
    </Project>
    <Project Path="lib/GenJsonConfig/GenJsonConfig.Generators/GenJsonConfig.Generators.csproj">
      <BuildType Solution="Debug-Unpackaged|*" Project="Debug" />
      <BuildType Solution="Release-Unpackaged|*" Project="Release" />
    </Project>
    <Project Path="lib/GenJsonConfig/GenJsonConfig/GenJsonConfig.csproj">
      <BuildType Solution="Debug-Unpackaged|*" Project="Debug" />
      <BuildType Solution="Release-Unpackaged|*" Project="Release" />
    </Project>
    <Project Path="lib/MediaDeck.Analyzers/MediaDeck.Analyzers.csproj">
      <BuildType Solution="Debug-Unpackaged|*" Project="Debug" />
      <BuildType Solution="Release-Unpackaged|*" Project="Debug" />
    </Project>
  </Folder>
  <Folder Name="/SolutionItems/">
    <File Path=".editorconfig" />
    <File Path=".gitattributes" />
    <File Path=".github/dependabot.yml" />
    <File Path=".github/workflows/format-check.yml" />
    <File Path=".github/workflows/release-store.yml" />
    <File Path=".github/workflows/release.yml" />
    <File Path=".github/workflows/test.yml" />
    <File Path=".gitignore" />
    <File Path="AGENTS.md" />
    <File Path="CHANGELOG.md" />
    <File Path="Directory.Build.props" />
    <File Path="Directory.Build.targets" />
    <File Path="LICENSE" />
    <File Path="README.md" />
  </Folder>
  <Folder Name="/Tests/">
    <Project Path="MediaDeck.Core.Tests/MediaDeck.Core.Tests.csproj">
      <BuildType Solution="Debug-Unpackaged|*" Project="Debug" />
      <BuildType Solution="Release-Unpackaged|*" Project="Debug" />
    </Project>
  </Folder>
  <Project Path="MediaDeck.Common/MediaDeck.Common.csproj" Id="a4fa147f-96da-4dbf-b176-c855c0796a93">
    <BuildType Solution="Debug-Unpackaged|*" Project="Debug" />
    <BuildType Solution="Release-Unpackaged|*" Project="Release" />
  </Project>
  <Project Path="MediaDeck.Composition/MediaDeck.Composition.csproj">
    <BuildType Solution="Debug-Unpackaged|*" Project="Debug" />
    <BuildType Solution="Release-Unpackaged|*" Project="Release" />
  </Project>
  <Project Path="MediaDeck.Core/MediaDeck.Core.csproj" Id="68cf92ce-95d6-4497-883f-6f94af7a717d">
    <BuildType Solution="Debug-Unpackaged|*" Project="Debug" />
    <BuildType Solution="Release-Unpackaged|*" Project="Release" />
  </Project>
  <Project Path="MediaDeck.MediaItemTypes.UI/MediaDeck.MediaItemTypes.UI.csproj">
    <Platform Solution="*|ARM64" Project="ARM64" />
    <Platform Solution="*|x64" Project="x64" />
    <Platform Solution="*|x86" Project="x86" />
    <BuildType Solution="Debug-Unpackaged|*" Project="Debug" />
    <BuildType Solution="Release-Unpackaged|*" Project="Release" />
  </Project>
  <Project Path="MediaDeck.MediaItemTypes/MediaDeck.MediaItemTypes.csproj" Id="6acd5318-707a-477f-b4d2-08f227591ca0">
    <BuildType Solution="Debug-Unpackaged|*" Project="Debug" />
    <BuildType Solution="Release-Unpackaged|*" Project="Release" />
  </Project>
  <Project Path="MediaDeck.Store/MediaDeck.Store.csproj" Id="f701f5c7-8a55-4b6a-b953-d363a1eaa393">
    <BuildType Solution="Debug-Unpackaged|*" Project="Debug" />
    <BuildType Solution="Release-Unpackaged|*" Project="Release" />
  </Project>
  <Project Path="MediaDeck.ViewModels/MediaDeck.ViewModels.csproj" Id="02ffdfe7-f911-4b47-be39-ba3a22ace8ba">
    <BuildType Solution="Debug-Unpackaged|*" Project="Debug" />
    <BuildType Solution="Release-Unpackaged|*" Project="Release" />
  </Project>
  <Project Path="MediaDeck/MediaDeck.csproj">
    <Platform Solution="*|ARM64" Project="ARM64" />
    <Platform Solution="*|x64" Project="x64" />
    <Platform Solution="*|x86" Project="x86" />
    <Deploy Solution="Debug|*" />
    <Deploy Solution="Release|*" />
  </Project>
</Solution>
